
Microsoft Visual Studio Solution File, Format Version 12.00
# Visual Studio Version 17
VisualStudioVersion = 17.0.31903.59
MinimumVisualStudioVersion = 10.0.40219.1
Project("{8BC9CEB8-8B4A-11D0-8D11-00A0C91BC942}") = "LABA3", "LABA3\LABA3.vcxproj", "{8EEFC4E3-6C5F-47D0-B521-20385849A70E}"
EndProject
Global
	GlobalSection(SolutionConfigurationPlatforms) = preSolution
		Debug|x64 = Debug|x64
		Debug|x86 = Debug|x86
		Release|x64 = Release|x64
		Release|x86 = Release|x86
	EndGlobalSection
	GlobalSection(ProjectConfigurationPlatforms) = postSolution
		{8EEFC4E3-6C5F-47D0-B521-20385849A70E}.Debug|x64.ActiveCfg = Debug|x64
		{8EEFC4E3-6C5F-47D0-B521-20385849A70E}.Debug|x64.Build.0 = Debug|x64
		{8EEFC4E3-6C5F-47D0-B521-20385849A70E}.Debug|x86.ActiveCfg = Debug|Win32
		{8EEFC4E3-6C5F-47D0-B521-20385849A70E}.Debug|x86.Build.0 = Debug|Win32
		{8EEFC4E3-6C5F-47D0-B521-20385849A70E}.Release|x64.ActiveCfg = Release|x64
		{8EEFC4E3-6C5F-47D0-B521-20385849A70E}.Release|x64.Build.0 = Release|x64
		{8EEFC4E3-6C5F-47D0-B521-20385849A70E}.Release|x86.ActiveCfg = Release|Win32
		{8EEFC4E3-6C5F-47D0-B521-20385849A70E}.Release|x86.Build.0 = Release|Win32
	EndGlobalSection
	GlobalSection(SolutionProperties) = preSolution
		HideSolutionNode = FALSE
	EndGlobalSection
	GlobalSection(ExtensibilityGlobals) = postSolution
		SolutionGuid = {307CE673-B1C7-409F-812F-E4B0DDA885BF}
	EndGlobalSection
EndGlobal
